
Microsoft Visual Studio Solution File, Format Version 12.00
# Visual Studio Version 16
VisualStudioVersion = 16.0.30413.136
MinimumVisualStudioVersion = 10.0.40219.1
Project("{8BC9CEB8-8B4A-11D0-8D11-00A0C91BC942}") = "6_5_AListOfHittableObjects", "6_5_AListOfHittableObjects.vcxproj", "{BB79C3A0-418A-4971-A5BB-2ADEEC550ADC}"
EndProject
Global
	GlobalSection(SolutionConfigurationPlatforms) = preSolution
		Debug|x64 = Debug|x64
		Debug|x86 = Debug|x86
		Release|x64 = Release|x64
		Release|x86 = Release|x86
	EndGlobalSection
	GlobalSection(ProjectConfigurationPlatforms) = postSolution
		{BB79C3A0-418A-4971-A5BB-2ADEEC550ADC}.Debug|x64.ActiveCfg = Debug|x64
		{BB79C3A0-418A-4971-A5BB-2ADEEC550ADC}.Debug|x64.Build.0 = Debug|x64
		{BB79C3A0-418A-4971-A5BB-2ADEEC550ADC}.Debug|x86.ActiveCfg = Debug|Win32
		{BB79C3A0-418A-4971-A5BB-2ADEEC550ADC}.Debug|x86.Build.0 = Debug|Win32
		{BB79C3A0-418A-4971-A5BB-2ADEEC550ADC}.Release|x64.ActiveCfg = Release|x64
		{BB79C3A0-418A-4971-A5BB-2ADEEC550ADC}.Release|x64.Build.0 = Release|x64
		{BB79C3A0-418A-4971-A5BB-2ADEEC550ADC}.Release|x86.ActiveCfg = Release|Win32
		{BB79C3A0-418A-4971-A5BB-2ADEEC550ADC}.Release|x86.Build.0 = Release|Win32
	EndGlobalSection
	GlobalSection(SolutionProperties) = preSolution
		HideSolutionNode = FALSE
	EndGlobalSection
	GlobalSection(ExtensibilityGlobals) = postSolution
		SolutionGuid = {21DB71D3-9BF6-499D-9081-E98BFBF28F58}
	EndGlobalSection
EndGlobal
